
Microsoft Visual Studio Solution File, Format Version 12.00
# Visual Studio 2013
VisualStudioVersion = 12.0.21005.1
MinimumVisualStudioVersion = 10.0.40219.1
Project("{FAE04EC0-301F-11D3-BF4B-00C04F79EFBC}") = "Smiav Bares 1.0", "Smiav Bares 1.0\Smiav Bares 1.0.csproj", "{7E1C3DE2-9793-4F28-B170-68E0B4938DAD}"
EndProject
Global
	GlobalSection(SolutionConfigurationPlatforms) = preSolution
		Debug|Any CPU = Debug|Any CPU
		Release|Any CPU = Release|Any CPU
	EndGlobalSection
	GlobalSection(ProjectConfigurationPlatforms) = postSolution
		{7E1C3DE2-9793-4F28-B170-68E0B4938DAD}.Debug|Any CPU.ActiveCfg = Debug|Any CPU
		{7E1C3DE2-9793-4F28-B170-68E0B4938DAD}.Debug|Any CPU.Build.0 = Debug|Any CPU
		{7E1C3DE2-9793-4F28-B170-68E0B4938DAD}.Release|Any CPU.ActiveCfg = Release|Any CPU
		{7E1C3DE2-9793-4F28-B170-68E0B4938DAD}.Release|Any CPU.Build.0 = Release|Any CPU
	EndGlobalSection
	GlobalSection(SolutionProperties) = preSolution
		HideSolutionNode = FALSE
	EndGlobalSection
EndGlobal
